
Microsoft Visual Studio Solution File, Format Version 12.00
# Visual Studio 14
VisualStudioVersion = 14.0.25420.1
MinimumVisualStudioVersion = 10.0.40219.1
Project("{2150E333-8FDC-42A3-9474-1A3956D46DE8}") = "01-Presentacion", "01-Presentacion", "{2BDCC929-A990-4204-9C24-B49443241D61}"
EndProject
Project("{2150E333-8FDC-42A3-9474-1A3956D46DE8}") = "02-Datos", "02-Datos", "{4471C7B8-7118-4551-ADB4-399B235E7DAA}"
EndProject
Project("{FAE04EC0-301F-11D3-BF4B-00C04F79EFBC}") = "Demo", "Demo\Demo.csproj", "{DB58B31F-CD60-4D1A-8DF0-3DC8BA275F61}"
EndProject
Project("{FAE04EC0-301F-11D3-BF4B-00C04F79EFBC}") = "MiBiblioteca", "MiBiblioteca\MiBiblioteca.csproj", "{24FC474F-A3EC-4474-AE7A-6B6DCA12D488}"
EndProject
Project("{FAE04EC0-301F-11D3-BF4B-00C04F79EFBC}") = "DeEscritorio", "DeEscritorio\DeEscritorio.csproj", "{D03FCC72-4B6B-4B0E-B80F-5C56B77141A9}"
EndProject
Project("{FAE04EC0-301F-11D3-BF4B-00C04F79EFBC}") = "Calculadora", "Calculadora\Calculadora.csproj", "{1B0880BB-E423-4001-924F-DBD879B8E4D6}"
EndProject
Project("{FAE04EC0-301F-11D3-BF4B-00C04F79EFBC}") = "AdventureW", "AdventureW\AdventureW.csproj", "{A6F25B39-3E02-47A9-A563-67D43042E860}"
EndProject
Project("{FAE04EC0-301F-11D3-BF4B-00C04F79EFBC}") = "UnitTestProject1", "UnitTestProject1\UnitTestProject1.csproj", "{BD520210-715A-4959-89B5-6CE2AA5B5910}"
EndProject
Global
	GlobalSection(SolutionConfigurationPlatforms) = preSolution
		Debug|Any CPU = Debug|Any CPU
		Release|Any CPU = Release|Any CPU
	EndGlobalSection
	GlobalSection(ProjectConfigurationPlatforms) = postSolution
		{DB58B31F-CD60-4D1A-8DF0-3DC8BA275F61}.Debug|Any CPU.ActiveCfg = Debug|Any CPU
		{DB58B31F-CD60-4D1A-8DF0-3DC8BA275F61}.Debug|Any CPU.Build.0 = Debug|Any CPU
		{DB58B31F-CD60-4D1A-8DF0-3DC8BA275F61}.Release|Any CPU.ActiveCfg = Release|Any CPU
		{DB58B31F-CD60-4D1A-8DF0-3DC8BA275F61}.Release|Any CPU.Build.0 = Release|Any CPU
		{24FC474F-A3EC-4474-AE7A-6B6DCA12D488}.Debug|Any CPU.ActiveCfg = Debug|Any CPU
		{24FC474F-A3EC-4474-AE7A-6B6DCA12D488}.Debug|Any CPU.Build.0 = Debug|Any CPU
		{24FC474F-A3EC-4474-AE7A-6B6DCA12D488}.Release|Any CPU.ActiveCfg = Release|Any CPU
		{24FC474F-A3EC-4474-AE7A-6B6DCA12D488}.Release|Any CPU.Build.0 = Release|Any CPU
		{D03FCC72-4B6B-4B0E-B80F-5C56B77141A9}.Debug|Any CPU.ActiveCfg = Debug|Any CPU
		{D03FCC72-4B6B-4B0E-B80F-5C56B77141A9}.Debug|Any CPU.Build.0 = Debug|Any CPU
		{D03FCC72-4B6B-4B0E-B80F-5C56B77141A9}.Release|Any CPU.ActiveCfg = Release|Any CPU
		{D03FCC72-4B6B-4B0E-B80F-5C56B77141A9}.Release|Any CPU.Build.0 = Release|Any CPU
		{1B0880BB-E423-4001-924F-DBD879B8E4D6}.Debug|Any CPU.ActiveCfg = Debug|Any CPU
		{1B0880BB-E423-4001-924F-DBD879B8E4D6}.Debug|Any CPU.Build.0 = Debug|Any CPU
		{1B0880BB-E423-4001-924F-DBD879B8E4D6}.Release|Any CPU.ActiveCfg = Release|Any CPU
		{1B0880BB-E423-4001-924F-DBD879B8E4D6}.Release|Any CPU.Build.0 = Release|Any CPU
		{A6F25B39-3E02-47A9-A563-67D43042E860}.Debug|Any CPU.ActiveCfg = Debug|Any CPU
		{A6F25B39-3E02-47A9-A563-67D43042E860}.Debug|Any CPU.Build.0 = Debug|Any CPU
		{A6F25B39-3E02-47A9-A563-67D43042E860}.Release|Any CPU.ActiveCfg = Release|Any CPU
		{A6F25B39-3E02-47A9-A563-67D43042E860}.Release|Any CPU.Build.0 = Release|Any CPU
		{BD520210-715A-4959-89B5-6CE2AA5B5910}.Debug|Any CPU.ActiveCfg = Debug|Any CPU
		{BD520210-715A-4959-89B5-6CE2AA5B5910}.Debug|Any CPU.Build.0 = Debug|Any CPU
		{BD520210-715A-4959-89B5-6CE2AA5B5910}.Release|Any CPU.ActiveCfg = Release|Any CPU
		{BD520210-715A-4959-89B5-6CE2AA5B5910}.Release|Any CPU.Build.0 = Release|Any CPU
	EndGlobalSection
	GlobalSection(SolutionProperties) = preSolution
		HideSolutionNode = FALSE
	EndGlobalSection
	GlobalSection(NestedProjects) = preSolution
		{DB58B31F-CD60-4D1A-8DF0-3DC8BA275F61} = {2BDCC929-A990-4204-9C24-B49443241D61}
		{24FC474F-A3EC-4474-AE7A-6B6DCA12D488} = {2BDCC929-A990-4204-9C24-B49443241D61}
		{D03FCC72-4B6B-4B0E-B80F-5C56B77141A9} = {2BDCC929-A990-4204-9C24-B49443241D61}
		{1B0880BB-E423-4001-924F-DBD879B8E4D6} = {2BDCC929-A990-4204-9C24-B49443241D61}
		{A6F25B39-3E02-47A9-A563-67D43042E860} = {4471C7B8-7118-4551-ADB4-399B235E7DAA}
		{BD520210-715A-4959-89B5-6CE2AA5B5910} = {4471C7B8-7118-4551-ADB4-399B235E7DAA}
	EndGlobalSection
EndGlobal
